
Microsoft Visual Studio Solution File, Format Version 12.00
# Visual Studio Version 17
VisualStudioVersion = 17.5.002.0
MinimumVisualStudioVersion = 10.0.40219.1
Project("{2150E333-8FDC-42A3-9474-1A3956D46DE8}") = "Modulo4", "Modulo4", "{B245CF6C-7F33-4409-BE35-A8E4EF95E74A}"
EndProject
Project("{9A19103F-16F7-4668-BE54-9A1E7A4F7556}") = "MinimalAPi_Example", "Modulo4\MinimalAPi_Example\MinimalAPi_Example.csproj", "{033E05EF-A738-4C17-AB85-2ABE14B0B4D7}"
EndProject
Global
	GlobalSection(SolutionConfigurationPlatforms) = preSolution
		Debug|Any CPU = Debug|Any CPU
		Release|Any CPU = Release|Any CPU
	EndGlobalSection
	GlobalSection(ProjectConfigurationPlatforms) = postSolution
		{033E05EF-A738-4C17-AB85-2ABE14B0B4D7}.Debug|Any CPU.ActiveCfg = Debug|Any CPU
		{033E05EF-A738-4C17-AB85-2ABE14B0B4D7}.Debug|Any CPU.Build.0 = Debug|Any CPU
		{033E05EF-A738-4C17-AB85-2ABE14B0B4D7}.Release|Any CPU.ActiveCfg = Release|Any CPU
		{033E05EF-A738-4C17-AB85-2ABE14B0B4D7}.Release|Any CPU.Build.0 = Release|Any CPU
	EndGlobalSection
	GlobalSection(SolutionProperties) = preSolution
		HideSolutionNode = FALSE
	EndGlobalSection
	GlobalSection(NestedProjects) = preSolution
		{033E05EF-A738-4C17-AB85-2ABE14B0B4D7} = {B245CF6C-7F33-4409-BE35-A8E4EF95E74A}
	EndGlobalSection
	GlobalSection(ExtensibilityGlobals) = postSolution
		SolutionGuid = {9846B6DC-BD6E-4A9D-978F-413EBC8E8F9F}
	EndGlobalSection
EndGlobal
